
Microsoft Visual Studio Solution File, Format Version 12.00
# Visual Studio 2013
VisualStudioVersion = 12.0.21005.1
MinimumVisualStudioVersion = 10.0.40219.1
Project("{FAE04EC0-301F-11D3-BF4B-00C04F79EFBC}") = "FitsLawTest", "FitsLawTest\FitsLawTest.csproj", "{B6D60FC8-2C5A-456C-BA5A-DFD2D8810D32}"
	ProjectSection(ProjectDependencies) = postProject
		{D9048CB3-54DA-44FB-B9C2-BA21E45359B0} = {D9048CB3-54DA-44FB-B9C2-BA21E45359B0}
	EndProjectSection
EndProject
Project("{FAE04EC0-301F-11D3-BF4B-00C04F79EFBC}") = "KhikLawTest", "KhikLawTest\KhikLawTest.csproj", "{C9DD35E7-129E-455A-B592-7A0C1B32ABFB}"
	ProjectSection(ProjectDependencies) = postProject
		{D9048CB3-54DA-44FB-B9C2-BA21E45359B0} = {D9048CB3-54DA-44FB-B9C2-BA21E45359B0}
	EndProjectSection
EndProject
Project("{FAE04EC0-301F-11D3-BF4B-00C04F79EFBC}") = "TestLib", "TestLib\TestLib.csproj", "{D9048CB3-54DA-44FB-B9C2-BA21E45359B0}"
EndProject
Global
	GlobalSection(SolutionConfigurationPlatforms) = preSolution
		Debug|Any CPU = Debug|Any CPU
		Release|Any CPU = Release|Any CPU
	EndGlobalSection
	GlobalSection(ProjectConfigurationPlatforms) = postSolution
		{B6D60FC8-2C5A-456C-BA5A-DFD2D8810D32}.Debug|Any CPU.ActiveCfg = Debug|Any CPU
		{B6D60FC8-2C5A-456C-BA5A-DFD2D8810D32}.Debug|Any CPU.Build.0 = Debug|Any CPU
		{B6D60FC8-2C5A-456C-BA5A-DFD2D8810D32}.Release|Any CPU.ActiveCfg = Release|Any CPU
		{B6D60FC8-2C5A-456C-BA5A-DFD2D8810D32}.Release|Any CPU.Build.0 = Release|Any CPU
		{C9DD35E7-129E-455A-B592-7A0C1B32ABFB}.Debug|Any CPU.ActiveCfg = Debug|Any CPU
		{C9DD35E7-129E-455A-B592-7A0C1B32ABFB}.Debug|Any CPU.Build.0 = Debug|Any CPU
		{C9DD35E7-129E-455A-B592-7A0C1B32ABFB}.Release|Any CPU.ActiveCfg = Release|Any CPU
		{C9DD35E7-129E-455A-B592-7A0C1B32ABFB}.Release|Any CPU.Build.0 = Release|Any CPU
		{D9048CB3-54DA-44FB-B9C2-BA21E45359B0}.Debug|Any CPU.ActiveCfg = Debug|Any CPU
		{D9048CB3-54DA-44FB-B9C2-BA21E45359B0}.Debug|Any CPU.Build.0 = Debug|Any CPU
		{D9048CB3-54DA-44FB-B9C2-BA21E45359B0}.Release|Any CPU.ActiveCfg = Release|Any CPU
		{D9048CB3-54DA-44FB-B9C2-BA21E45359B0}.Release|Any CPU.Build.0 = Release|Any CPU
	EndGlobalSection
	GlobalSection(SolutionProperties) = preSolution
		HideSolutionNode = FALSE
	EndGlobalSection
EndGlobal
